<?xml version="1.0" encoding="utf-8"?>
<Project ToolsVersion="4.0" xmlns="http://schemas.microsoft.com/developer/msbuild/2003">
  <ItemGroup>
    <Filter Include="Console">
      <UniqueIdentifier>{ba59d63a-5724-4e2a-a938-5598502048e9}</UniqueIdentifier>
    </Filter>
  </ItemGroup>
  <ItemGroup>
    <ClCompile Include="$(MSBuildThisFileDirectory)Console\Application.cpp">
      <Filter>Console</Filter>
    </ClCompile>
    <ClCompile Include="$(MSBuildThisFileDirectory)Console\Console.cpp">
      <Filter>Console</Filter>
    </ClCompile>
  </ItemGroup>
  <ItemGroup>
    <ClInclude Include="$(MSBuildThisFileDirectory)Console\Application.h">
      <Filter>Console</Filter>
    </ClInclude>
    <ClInclude Include="$(MSBuildThisFileDirectory)Console\Platform.h">
      <Filter>Console</Filter>
    </ClInclude>
    <ClInclude Include="$(MSBuildThisFileDirectory)Console\Console.h">
      <Filter>Console</Filter>
    </ClInclude>
  </ItemGroup>
</Project>