<?xml version="1.0" encoding="utf-8"?>
<Project ToolsVersion="4.0" xmlns="http://schemas.microsoft.com/developer/msbuild/2003">
  <ItemGroup>
    <Filter Include="Devices">
      <UniqueIdentifier>{c8f2f979-1a53-4e05-a443-f84a811cb0a5}</UniqueIdentifier>
    </Filter>
    <Filter Include="Devices\Displays">
      <UniqueIdentifier>{0767e6bc-fb0c-4e72-9085-af7d0aa3bdbd}</UniqueIdentifier>
    </Filter>
  </ItemGroup>
  <ItemGroup>
    <ClCompile Include="$(MSBuildThisFileDirectory)Devices\Displays\Display.cpp">
      <Filter>Devices\Displays</Filter>
    </ClCompile>
    <ClCompile Include="$(MSBuildThisFileDirectory)Devices\Displays\Oled128x64.cpp">
      <Filter>Devices\Displays</Filter>
    </ClCompile>
  </ItemGroup>
  <ItemGroup>
    <ClInclude Include="$(MSBuildThisFileDirectory)Devices\Displays\Display.h">
      <Filter>Devices\Displays</Filter>
    </ClInclude>
    <ClInclude Include="$(MSBuildThisFileDirectory)Devices\Displays\Oled128x64.h">
      <Filter>Devices\Displays</Filter>
    </ClInclude>
  </ItemGroup>
</Project>